
Microsoft Visual Studio Solution File, Format Version 12.00
# Visual Studio Version 17
VisualStudioVersion = 17.0.31903.59
MinimumVisualStudioVersion = 10.0.40219.1
Project("{2150E333-8FDC-42A3-9474-1A3956D46DE8}") = "src", "src", "{CBD0667C-56C8-4043-B93F-45FAF59E624E}"
EndProject
Project("{FAE04EC0-301F-11D3-BF4B-00C04F79EFBC}") = "MonoTrail", "src\MonoTrail\MonoTrail.csproj", "{BADB3939-40A6-4A8B-A648-71CCB3C1FEA1}"
EndProject
Project("{FAE04EC0-301F-11D3-BF4B-00C04F79EFBC}") = "TrailCore", "src\TrailCore\TrailCore.csproj", "{79F5D42C-788A-4AA4-B2BD-BDEB555B27EB}"
EndProject
Project("{FAE04EC0-301F-11D3-BF4B-00C04F79EFBC}") = "FuNK", "src\FuNK\FuNK.csproj", "{A9D6F071-8511-46C3-8C6C-AE663FD8BD41}"
EndProject
Project("{FAE04EC0-301F-11D3-BF4B-00C04F79EFBC}") = "StoryGenerator", "src\StoryGenerator\StoryGenerator.csproj", "{90257508-F85C-460B-9CD4-ECFDEC84129C}"
EndProject
Project("{FAE04EC0-301F-11D3-BF4B-00C04F79EFBC}") = "HarP", "src\HarP\HarP.csproj", "{CF097349-B94E-4511-9105-02BF208C5A5A}"
EndProject
Project("{FAE04EC0-301F-11D3-BF4B-00C04F79EFBC}") = "HarP_Tests", "src\HarP_Tests\HarP_Tests.csproj", "{EF48B4EE-65DF-435C-BC9B-85E06FF504DF}"
EndProject
Project("{FAE04EC0-301F-11D3-BF4B-00C04F79EFBC}") = "StoryGeneratorTests", "src\StoryGeneratorTests\StoryGeneratorTests.csproj", "{6ECBF749-9FB8-4ED9-9B9A-7F719BD6598E}"
EndProject
Global
	GlobalSection(SolutionConfigurationPlatforms) = preSolution
		Debug|Any CPU = Debug|Any CPU
		Release|Any CPU = Release|Any CPU
	EndGlobalSection
	GlobalSection(SolutionProperties) = preSolution
		HideSolutionNode = FALSE
	EndGlobalSection
	GlobalSection(ProjectConfigurationPlatforms) = postSolution
		{BADB3939-40A6-4A8B-A648-71CCB3C1FEA1}.Debug|Any CPU.ActiveCfg = Debug|Any CPU
		{BADB3939-40A6-4A8B-A648-71CCB3C1FEA1}.Debug|Any CPU.Build.0 = Debug|Any CPU
		{BADB3939-40A6-4A8B-A648-71CCB3C1FEA1}.Release|Any CPU.ActiveCfg = Release|Any CPU
		{BADB3939-40A6-4A8B-A648-71CCB3C1FEA1}.Release|Any CPU.Build.0 = Release|Any CPU
		{79F5D42C-788A-4AA4-B2BD-BDEB555B27EB}.Debug|Any CPU.ActiveCfg = Debug|Any CPU
		{79F5D42C-788A-4AA4-B2BD-BDEB555B27EB}.Debug|Any CPU.Build.0 = Debug|Any CPU
		{79F5D42C-788A-4AA4-B2BD-BDEB555B27EB}.Release|Any CPU.ActiveCfg = Release|Any CPU
		{79F5D42C-788A-4AA4-B2BD-BDEB555B27EB}.Release|Any CPU.Build.0 = Release|Any CPU
		{A9D6F071-8511-46C3-8C6C-AE663FD8BD41}.Debug|Any CPU.ActiveCfg = Debug|Any CPU
		{A9D6F071-8511-46C3-8C6C-AE663FD8BD41}.Debug|Any CPU.Build.0 = Debug|Any CPU
		{A9D6F071-8511-46C3-8C6C-AE663FD8BD41}.Release|Any CPU.ActiveCfg = Release|Any CPU
		{A9D6F071-8511-46C3-8C6C-AE663FD8BD41}.Release|Any CPU.Build.0 = Release|Any CPU
		{90257508-F85C-460B-9CD4-ECFDEC84129C}.Debug|Any CPU.ActiveCfg = Debug|Any CPU
		{90257508-F85C-460B-9CD4-ECFDEC84129C}.Debug|Any CPU.Build.0 = Debug|Any CPU
		{90257508-F85C-460B-9CD4-ECFDEC84129C}.Release|Any CPU.ActiveCfg = Release|Any CPU
		{90257508-F85C-460B-9CD4-ECFDEC84129C}.Release|Any CPU.Build.0 = Release|Any CPU
		{CF097349-B94E-4511-9105-02BF208C5A5A}.Debug|Any CPU.ActiveCfg = Debug|Any CPU
		{CF097349-B94E-4511-9105-02BF208C5A5A}.Debug|Any CPU.Build.0 = Debug|Any CPU
		{CF097349-B94E-4511-9105-02BF208C5A5A}.Release|Any CPU.ActiveCfg = Release|Any CPU
		{CF097349-B94E-4511-9105-02BF208C5A5A}.Release|Any CPU.Build.0 = Release|Any CPU
		{EF48B4EE-65DF-435C-BC9B-85E06FF504DF}.Debug|Any CPU.ActiveCfg = Debug|Any CPU
		{EF48B4EE-65DF-435C-BC9B-85E06FF504DF}.Debug|Any CPU.Build.0 = Debug|Any CPU
		{EF48B4EE-65DF-435C-BC9B-85E06FF504DF}.Release|Any CPU.ActiveCfg = Release|Any CPU
		{EF48B4EE-65DF-435C-BC9B-85E06FF504DF}.Release|Any CPU.Build.0 = Release|Any CPU
		{6ECBF749-9FB8-4ED9-9B9A-7F719BD6598E}.Debug|Any CPU.ActiveCfg = Debug|Any CPU
		{6ECBF749-9FB8-4ED9-9B9A-7F719BD6598E}.Debug|Any CPU.Build.0 = Debug|Any CPU
		{6ECBF749-9FB8-4ED9-9B9A-7F719BD6598E}.Release|Any CPU.ActiveCfg = Release|Any CPU
		{6ECBF749-9FB8-4ED9-9B9A-7F719BD6598E}.Release|Any CPU.Build.0 = Release|Any CPU
	EndGlobalSection
	GlobalSection(NestedProjects) = preSolution
		{BADB3939-40A6-4A8B-A648-71CCB3C1FEA1} = {CBD0667C-56C8-4043-B93F-45FAF59E624E}
		{79F5D42C-788A-4AA4-B2BD-BDEB555B27EB} = {CBD0667C-56C8-4043-B93F-45FAF59E624E}
		{A9D6F071-8511-46C3-8C6C-AE663FD8BD41} = {CBD0667C-56C8-4043-B93F-45FAF59E624E}
		{90257508-F85C-460B-9CD4-ECFDEC84129C} = {CBD0667C-56C8-4043-B93F-45FAF59E624E}
		{CF097349-B94E-4511-9105-02BF208C5A5A} = {CBD0667C-56C8-4043-B93F-45FAF59E624E}
		{EF48B4EE-65DF-435C-BC9B-85E06FF504DF} = {CBD0667C-56C8-4043-B93F-45FAF59E624E}
		{6ECBF749-9FB8-4ED9-9B9A-7F719BD6598E} = {CBD0667C-56C8-4043-B93F-45FAF59E624E}
	EndGlobalSection
EndGlobal
